
Microsoft Visual Studio Solution File, Format Version 12.00
# Visual Studio Version 16
VisualStudioVersion = 16.0.28729.10
MinimumVisualStudioVersion = 10.0.40219.1
Project("{FAE04EC0-301F-11D3-BF4B-00C04F79EFBC}") = "kmuss", "kmuss\kmuss.csproj", "{0233A6AC-F7C6-4426-8C4D-7E077BEF7F99}"
EndProject
Global
	GlobalSection(SolutionConfigurationPlatforms) = preSolution
		Debug|Any CPU = Debug|Any CPU
		Release|Any CPU = Release|Any CPU
	EndGlobalSection
	GlobalSection(ProjectConfigurationPlatforms) = postSolution
		{0233A6AC-F7C6-4426-8C4D-7E077BEF7F99}.Debug|Any CPU.ActiveCfg = Debug|Any CPU
		{0233A6AC-F7C6-4426-8C4D-7E077BEF7F99}.Debug|Any CPU.Build.0 = Debug|Any CPU
		{0233A6AC-F7C6-4426-8C4D-7E077BEF7F99}.Release|Any CPU.ActiveCfg = Release|Any CPU
		{0233A6AC-F7C6-4426-8C4D-7E077BEF7F99}.Release|Any CPU.Build.0 = Release|Any CPU
	EndGlobalSection
	GlobalSection(SolutionProperties) = preSolution
		HideSolutionNode = FALSE
	EndGlobalSection
	GlobalSection(ExtensibilityGlobals) = postSolution
		SolutionGuid = {BAD4EF20-F505-454C-A83C-E4E228704B0B}
	EndGlobalSection
EndGlobal
